dependencies:
- name: blacklist-app
  repository: file://./charts/blacklist-app
  version: 0.1.0
- name: mongodb
  repository: https://charts.bitnami.com/bitnami
  version: 16.4.0
- name: ingress-nginx
  repository: https://kubernetes.github.io/ingress-nginx
  version: 4.12.0
digest: sha256:f4f845f1886ad072dc6909c1b35d1e0fe46a99e738a1d755a1ac8a5149e9d7e3
generated: "2025-01-20T16:31:02.632968906+02:00"
